
Microsoft Visual Studio Solution File, Format Version 12.00
# Visual Studio Version 17
VisualStudioVersion = 17.3.32922.545
MinimumVisualStudioVersion = 10.0.40219.1
Project("{FAE04EC0-301F-11D3-BF4B-00C04F79EFBC}") = "PayablesApp.UI", "PayablesApp.UI\PayablesApp.UI.csproj", "{5EFECF94-E8FC-4DAC-810C-F0100DEBD96D}"
EndProject
Project("{FAE04EC0-301F-11D3-BF4B-00C04F79EFBC}") = "PayablesApp.Domain", "PayablesApp.Domain\PayablesApp.Domain.csproj", "{A0DB0B05-43E3-476C-BFF4-2A2BCE517B8D}"
EndProject
Project("{FAE04EC0-301F-11D3-BF4B-00C04F79EFBC}") = "PayablesApp.AppLogic", "PayablesApp.AppLogic\PayablesApp.AppLogic.csproj", "{EE8B22C1-46B4-46C8-8893-B0F967C46445}"
EndProject
Project("{FAE04EC0-301F-11D3-BF4B-00C04F79EFBC}") = "PayablesApp.Infrastructure", "PayablesApp.Infrastructure\PayablesApp.Infrastructure.csproj", "{0DD91720-54AC-4C6B-B4C9-71558DE167EF}"
EndProject
Global
	GlobalSection(SolutionConfigurationPlatforms) = preSolution
		Debug|Any CPU = Debug|Any CPU
		Release|Any CPU = Release|Any CPU
	EndGlobalSection
	GlobalSection(ProjectConfigurationPlatforms) = postSolution
		{5EFECF94-E8FC-4DAC-810C-F0100DEBD96D}.Debug|Any CPU.ActiveCfg = Debug|Any CPU
		{5EFECF94-E8FC-4DAC-810C-F0100DEBD96D}.Debug|Any CPU.Build.0 = Debug|Any CPU
		{5EFECF94-E8FC-4DAC-810C-F0100DEBD96D}.Release|Any CPU.ActiveCfg = Release|Any CPU
		{5EFECF94-E8FC-4DAC-810C-F0100DEBD96D}.Release|Any CPU.Build.0 = Release|Any CPU
		{A0DB0B05-43E3-476C-BFF4-2A2BCE517B8D}.Debug|Any CPU.ActiveCfg = Debug|Any CPU
		{A0DB0B05-43E3-476C-BFF4-2A2BCE517B8D}.Debug|Any CPU.Build.0 = Debug|Any CPU
		{A0DB0B05-43E3-476C-BFF4-2A2BCE517B8D}.Release|Any CPU.ActiveCfg = Release|Any CPU
		{A0DB0B05-43E3-476C-BFF4-2A2BCE517B8D}.Release|Any CPU.Build.0 = Release|Any CPU
		{EE8B22C1-46B4-46C8-8893-B0F967C46445}.Debug|Any CPU.ActiveCfg = Debug|Any CPU
		{EE8B22C1-46B4-46C8-8893-B0F967C46445}.Debug|Any CPU.Build.0 = Debug|Any CPU
		{EE8B22C1-46B4-46C8-8893-B0F967C46445}.Release|Any CPU.ActiveCfg = Release|Any CPU
		{EE8B22C1-46B4-46C8-8893-B0F967C46445}.Release|Any CPU.Build.0 = Release|Any CPU
		{0DD91720-54AC-4C6B-B4C9-71558DE167EF}.Debug|Any CPU.ActiveCfg = Debug|Any CPU
		{0DD91720-54AC-4C6B-B4C9-71558DE167EF}.Debug|Any CPU.Build.0 = Debug|Any CPU
		{0DD91720-54AC-4C6B-B4C9-71558DE167EF}.Release|Any CPU.ActiveCfg = Release|Any CPU
		{0DD91720-54AC-4C6B-B4C9-71558DE167EF}.Release|Any CPU.Build.0 = Release|Any CPU
	EndGlobalSection
	GlobalSection(SolutionProperties) = preSolution
		HideSolutionNode = FALSE
	EndGlobalSection
	GlobalSection(ExtensibilityGlobals) = postSolution
		SolutionGuid = {F7E28673-AE1F-456D-8D40-960EE9A330DF}
	EndGlobalSection
EndGlobal
