
Microsoft Visual Studio Solution File, Format Version 12.00
# Visual Studio Version 17
VisualStudioVersion = 17.11.35312.102
MinimumVisualStudioVersion = 10.0.40219.1
Project("{FAE04EC0-301F-11D3-BF4B-00C04F79EFBC}") = "MvcMovie", "MvcMovie\MvcMovie.csproj", "{7230B6AF-34FD-4A91-81DB-0B93E730B7D9}"
EndProject
Global
	GlobalSection(SolutionConfigurationPlatforms) = preSolution
		Debug|Any CPU = Debug|Any CPU
		Release|Any CPU = Release|Any CPU
	EndGlobalSection
	GlobalSection(ProjectConfigurationPlatforms) = postSolution
		{7230B6AF-34FD-4A91-81DB-0B93E730B7D9}.Debug|Any CPU.ActiveCfg = Debug|Any CPU
		{7230B6AF-34FD-4A91-81DB-0B93E730B7D9}.Debug|Any CPU.Build.0 = Debug|Any CPU
		{7230B6AF-34FD-4A91-81DB-0B93E730B7D9}.Release|Any CPU.ActiveCfg = Release|Any CPU
		{7230B6AF-34FD-4A91-81DB-0B93E730B7D9}.Release|Any CPU.Build.0 = Release|Any CPU
	EndGlobalSection
	GlobalSection(SolutionProperties) = preSolution
		HideSolutionNode = FALSE
	EndGlobalSection
	GlobalSection(ExtensibilityGlobals) = postSolution
		SolutionGuid = {4E44E879-9847-4FE3-96FB-EE0D59D6A011}
	EndGlobalSection
EndGlobal
