
Microsoft Visual Studio Solution File, Format Version 12.00
# Visual Studio Version 17
VisualStudioVersion = 17.7.34031.279
MinimumVisualStudioVersion = 10.0.40219.1
Project("{FAE04EC0-301F-11D3-BF4B-00C04F79EFBC}") = "Route98.Web", "Route98.Web\Route98.Web.csproj", "{2ADF2B49-36AE-4D99-BD0C-9D02A8908D8D}"
EndProject
Global
	GlobalSection(SolutionConfigurationPlatforms) = preSolution
		Debug|Any CPU = Debug|Any CPU
		Release|Any CPU = Release|Any CPU
	EndGlobalSection
	GlobalSection(ProjectConfigurationPlatforms) = postSolution
		{2ADF2B49-36AE-4D99-BD0C-9D02A8908D8D}.Debug|Any CPU.ActiveCfg = Debug|Any CPU
		{2ADF2B49-36AE-4D99-BD0C-9D02A8908D8D}.Debug|Any CPU.Build.0 = Debug|Any CPU
		{2ADF2B49-36AE-4D99-BD0C-9D02A8908D8D}.Release|Any CPU.ActiveCfg = Release|Any CPU
		{2ADF2B49-36AE-4D99-BD0C-9D02A8908D8D}.Release|Any CPU.Build.0 = Release|Any CPU
	EndGlobalSection
	GlobalSection(SolutionProperties) = preSolution
		HideSolutionNode = FALSE
	EndGlobalSection
	GlobalSection(ExtensibilityGlobals) = postSolution
		SolutionGuid = {1E36FD0D-CC13-4198-A823-97E8D6D20C02}
	EndGlobalSection
EndGlobal
